
Microsoft Visual Studio Solution File, Format Version 12.00
# Visual Studio 15
VisualStudioVersion = 15.0.28307.329
MinimumVisualStudioVersion = 10.0.40219.1
Project("{FAE04EC0-301F-11D3-BF4B-00C04F79EFBC}") = "ExercicioPatterns", "ExercicioPatterns\ExercicioPatterns.csproj", "{97A7B5E0-ADAE-4A43-AD28-D1A1EA4D1FB9}"
EndProject
Project("{FAE04EC0-301F-11D3-BF4B-00C04F79EFBC}") = "ExercicioPatternsTest", "ExercicioPatternsTest\ExercicioPatternsTest.csproj", "{07CC616B-B4C3-4552-94D6-1C3374DB6F65}"
EndProject
Global
	GlobalSection(SolutionConfigurationPlatforms) = preSolution
		Debug|Any CPU = Debug|Any CPU
		Release|Any CPU = Release|Any CPU
	EndGlobalSection
	GlobalSection(ProjectConfigurationPlatforms) = postSolution
		{97A7B5E0-ADAE-4A43-AD28-D1A1EA4D1FB9}.Debug|Any CPU.ActiveCfg = Debug|Any CPU
		{97A7B5E0-ADAE-4A43-AD28-D1A1EA4D1FB9}.Debug|Any CPU.Build.0 = Debug|Any CPU
		{97A7B5E0-ADAE-4A43-AD28-D1A1EA4D1FB9}.Release|Any CPU.ActiveCfg = Release|Any CPU
		{97A7B5E0-ADAE-4A43-AD28-D1A1EA4D1FB9}.Release|Any CPU.Build.0 = Release|Any CPU
		{07CC616B-B4C3-4552-94D6-1C3374DB6F65}.Debug|Any CPU.ActiveCfg = Debug|Any CPU
		{07CC616B-B4C3-4552-94D6-1C3374DB6F65}.Debug|Any CPU.Build.0 = Debug|Any CPU
		{07CC616B-B4C3-4552-94D6-1C3374DB6F65}.Release|Any CPU.ActiveCfg = Release|Any CPU
		{07CC616B-B4C3-4552-94D6-1C3374DB6F65}.Release|Any CPU.Build.0 = Release|Any CPU
	EndGlobalSection
	GlobalSection(SolutionProperties) = preSolution
		HideSolutionNode = FALSE
	EndGlobalSection
	GlobalSection(ExtensibilityGlobals) = postSolution
		SolutionGuid = {BB04F83F-86F9-4925-86DA-3C0104472521}
	EndGlobalSection
EndGlobal
