
Microsoft Visual Studio Solution File, Format Version 12.00
# Visual Studio Version 16
VisualStudioVersion = 16.0.29409.12
MinimumVisualStudioVersion = 10.0.40219.1
Project("{9A19103F-16F7-4668-BE54-9A1E7A4F7556}") = "ExercicioPatterns", "ExercicioPatterns\ExercicioPatterns.csproj", "{97A7B5E0-ADAE-4A43-AD28-D1A1EA4D1FB9}"
EndProject
Global
	GlobalSection(SolutionConfigurationPlatforms) = preSolution
		Debug|Any CPU = Debug|Any CPU
		Release|Any CPU = Release|Any CPU
	EndGlobalSection
	GlobalSection(ProjectConfigurationPlatforms) = postSolution
		{97A7B5E0-ADAE-4A43-AD28-D1A1EA4D1FB9}.Debug|Any CPU.ActiveCfg = Debug|Any CPU
		{97A7B5E0-ADAE-4A43-AD28-D1A1EA4D1FB9}.Debug|Any CPU.Build.0 = Debug|Any CPU
		{97A7B5E0-ADAE-4A43-AD28-D1A1EA4D1FB9}.Release|Any CPU.ActiveCfg = Release|Any CPU
		{97A7B5E0-ADAE-4A43-AD28-D1A1EA4D1FB9}.Release|Any CPU.Build.0 = Release|Any CPU
	EndGlobalSection
	GlobalSection(SolutionProperties) = preSolution
		HideSolutionNode = FALSE
	EndGlobalSection
	GlobalSection(ExtensibilityGlobals) = postSolution
		SolutionGuid = {BB04F83F-86F9-4925-86DA-3C0104472521}
	EndGlobalSection
EndGlobal
